
Microsoft Visual Studio Solution File, Format Version 12.00
# Visual Studio Version 17
VisualStudioVersion = 17.7.34202.233
MinimumVisualStudioVersion = 10.0.40219.1
Project("{FAE04EC0-301F-11D3-BF4B-00C04F79EFBC}") = "Trif_Daniel_Lab1", "Trif_Daniel_Lab1.csproj", "{02E72B24-0AA2-4423-9A2C-F0CB259D3B56}"
EndProject
Global
	GlobalSection(SolutionConfigurationPlatforms) = preSolution
		Debug|Any CPU = Debug|Any CPU
		Release|Any CPU = Release|Any CPU
	EndGlobalSection
	GlobalSection(ProjectConfigurationPlatforms) = postSolution
		{02E72B24-0AA2-4423-9A2C-F0CB259D3B56}.Debug|Any CPU.ActiveCfg = Debug|Any CPU
		{02E72B24-0AA2-4423-9A2C-F0CB259D3B56}.Debug|Any CPU.Build.0 = Debug|Any CPU
		{02E72B24-0AA2-4423-9A2C-F0CB259D3B56}.Release|Any CPU.ActiveCfg = Release|Any CPU
		{02E72B24-0AA2-4423-9A2C-F0CB259D3B56}.Release|Any CPU.Build.0 = Release|Any CPU
	EndGlobalSection
	GlobalSection(SolutionProperties) = preSolution
		HideSolutionNode = FALSE
	EndGlobalSection
	GlobalSection(ExtensibilityGlobals) = postSolution
		SolutionGuid = {28C6438A-C503-4D7A-9C88-DD996D050F08}
	EndGlobalSection
EndGlobal
